<?xml version="1.0" encoding="utf-8"?>
<Project ToolsVersion="4.0" xmlns="http://schemas.microsoft.com/developer/msbuild/2003">
  <ItemGroup>
    <Filter Include="Pliki źródłowe">
      <UniqueIdentifier>{4FC737F1-C7A5-4376-A066-2A32D752A2FF}</UniqueIdentifier>
      <Extensions>cpp;c;cc;cxx;c++;cppm;ixx;def;odl;idl;hpj;bat;asm;asmx</Extensions>
    </Filter>
    <Filter Include="Pliki nagłówkowe">
      <UniqueIdentifier>{93995380-89BD-4b04-88EB-625FBE52EBFB}</UniqueIdentifier>
      <Extensions>h;hh;hpp;hxx;h++;hm;inl;inc;ipp;xsd</Extensions>
    </Filter>
    <Filter Include="Pliki zasobów">
      <UniqueIdentifier>{67DA6AB6-F800-4c08-8B7A-83BB121AAD01}</UniqueIdentifier>
      <Extensions>rc;ico;cur;bmp;dlg;rc2;rct;bin;rgs;gif;jpg;jpeg;jpe;resx;tiff;tif;png;wav;mfcribbon-ms</Extensions>
    </Filter>
  </ItemGroup>
  <ItemGroup>
    <ClCompile Include="..\ekrany.cpp">
      <Filter>Pliki źródłowe</Filter>
    </ClCompile>
    <ClCompile Include="..\grafika.cpp">
      <Filter>Pliki źródłowe</Filter>
    </ClCompile>
    <ClCompile Include="..\HUD.cpp">
      <Filter>Pliki źródłowe</Filter>
    </ClCompile>
    <ClCompile Include="..\klasy.cpp">
      <Filter>Pliki źródłowe</Filter>
    </ClCompile>
    <ClCompile Include="..\main.cpp">
      <Filter>Pliki źródłowe</Filter>
    </ClCompile>
    <ClCompile Include="..\StatusBar.cpp">
      <Filter>Pliki źródłowe</Filter>
    </ClCompile>
    <ClCompile Include="..\Weapon.cpp">
      <Filter>Pliki źródłowe</Filter>
    </ClCompile>
    <ClCompile Include="..\zombie.cpp">
      <Filter>Pliki źródłowe</Filter>
    </ClCompile>
  </ItemGroup>
  <ItemGroup>
    <ClInclude Include="..\ekrany.h">
      <Filter>Pliki źródłowe</Filter>
    </ClInclude>
    <ClInclude Include="..\fun.h">
      <Filter>Pliki źródłowe</Filter>
    </ClInclude>
    <ClInclude Include="..\grafika.h">
      <Filter>Pliki źródłowe</Filter>
    </ClInclude>
    <ClInclude Include="..\HUD.h">
      <Filter>Pliki źródłowe</Filter>
    </ClInclude>
    <ClInclude Include="..\Mapa.h">
      <Filter>Pliki źródłowe</Filter>
    </ClInclude>
    <ClInclude Include="..\PozycjeZombie.h">
      <Filter>Pliki źródłowe</Filter>
    </ClInclude>
    <ClInclude Include="..\StatusBar.h">
      <Filter>Pliki źródłowe</Filter>
    </ClInclude>
    <ClInclude Include="..\Weapon.h">
      <Filter>Pliki źródłowe</Filter>
    </ClInclude>
    <ClInclude Include="..\ZmienGlob.h">
      <Filter>Pliki źródłowe</Filter>
    </ClInclude>
    <ClInclude Include="..\zombie.h">
      <Filter>Pliki źródłowe</Filter>
    </ClInclude>
    <ClInclude Include="..\ZombieKlatki.h">
      <Filter>Pliki źródłowe</Filter>
    </ClInclude>
  </ItemGroup>
  <ItemGroup>
    <None Include="..\RayCaster.cbp">
      <Filter>Pliki źródłowe</Filter>
    </None>
    <None Include="..\RayCaster.depend">
      <Filter>Pliki źródłowe</Filter>
    </None>
    <None Include="..\RayCaster.layout">
      <Filter>Pliki źródłowe</Filter>
    </None>
    <None Include="..\README.md">
      <Filter>Pliki źródłowe</Filter>
    </None>
  </ItemGroup>
</Project>